// !$*UTF8*$!
{
	archiveVersion = 1;
	classes = {
	};
	objectVersion = 50;
	objects = {

/* Begin PBXBuildFile section */
		1480D1C123DF288800F12294 /* AppDelegate.m in Sources */ = {isa = PBXBuildFile; fileRef = 1480D1C023DF288800F12294 /* AppDelegate.m */; };
		1480D1C423DF288800F12294 /* SceneDelegate.m in Sources */ = {isa = PBXBuildFile; fileRef = 1480D1C323DF288800F12294 /* SceneDelegate.m */; };
		1480D1C723DF288800F12294 /* ViewController.m in Sources */ = {isa = PBXBuildFile; fileRef = 1480D1C623DF288800F12294 /* ViewController.m */; };
		1480D1CA23DF288800F12294 /* Main.storyboard in Resources */ = {isa = PBXBuildFile; fileRef = 1480D1C823DF288800F12294 /* Main.storyboard */; };
		1480D1CC23DF288900F12294 /* Assets.xcassets in Resources */ = {isa = PBXBuildFile; fileRef = 1480D1CB23DF288900F12294 /* Assets.xcassets */; };
		1480D1CF23DF288900F12294 /* LaunchScreen.storyboard in Resources */ = {isa = PBXBuildFile; fileRef = 1480D1CD23DF288900F12294 /* LaunchScreen.storyboard */; };
		1480D1D223DF288900F12294 /* main.m in Sources */ = {isa = PBXBuildFile; fileRef = 1480D1D123DF288900F12294 /* main.m */; };
/* End PBXBuildFile section */

/* Begin PBXFileReference section */
		1480D1BC23DF288800F12294 /* shrink_image_layout.app */ = {isa = PBXFileReference; explicitFileType = wrapper.application; includeInIndex = 0; path = shrink_image_layout.app; sourceTree = BUILT_PRODUCTS_DIR; };
		1480D1BF23DF288800F12294 /* AppDelegate.h */ = {isa = PBXFileReference; lastKnownFileType = sourcecode.c.h; path = AppDelegate.h; sourceTree = "<group>"; };
		1480D1C023DF288800F12294 /* AppDelegate.m */ = {isa = PBXFileReference; lastKnownFileType = sourcecode.c.objc; path = AppDelegate.m; sourceTree = "<group>"; };
		1480D1C223DF288800F12294 /* SceneDelegate.h */ = {isa = PBXFileReference; lastKnownFileType = sourcecode.c.h; path = SceneDelegate.h; sourceTree = "<group>"; };
		1480D1C323DF288800F12294 /* SceneDelegate.m */ = {isa = PBXFileReference; lastKnownFileType = sourcecode.c.objc; path = SceneDelegate.m; sourceTree = "<group>"; };
		1480D1C523DF288800F12294 /* ViewController.h */ = {isa = PBXFileReference; lastKnownFileType = sourcecode.c.h; path = ViewController.h; sourceTree = "<group>"; };
		1480D1C623DF288800F12294 /* ViewController.m */ = {isa = PBXFileReference; lastKnownFileType = sourcecode.c.objc; path = ViewController.m; sourceTree = "<group>"; };
		1480D1C923DF288800F12294 /* Base */ = {isa = PBXFileReference; lastKnownFileType = file.storyboard; name = Base; path = Base.lproj/Main.storyboard; sourceTree = "<group>"; };
		1480D1CB23DF288900F12294 /* Assets.xcassets */ = {isa = PBXFileReference; lastKnownFileType = folder.assetcatalog; path = Assets.xcassets; sourceTree = "<group>"; };
		1480D1CE23DF288900F12294 /* Base */ = {isa = PBXFileReference; lastKnownFileType = file.storyboard; name = Base; path = Base.lproj/LaunchScreen.storyboard; sourceTree = "<group>"; };
		1480D1D023DF288900F12294 /* Info.plist */ = {isa = PBXFileReference; lastKnownFileType = text.plist.xml; path = Info.plist; sourceTree = "<group>"; };
		1480D1D123DF288900F12294 /* main.m */ = {isa = PBXFileReference; lastKnownFileType = sourcecode.c.objc; path = main.m; sourceTree = "<group>"; };
/* End PBXFileReference section */

/* Begin PBXFrameworksBuildPhase section */
		1480D1B923DF288800F12294 /* Frameworks */ = {
			isa = PBXFrameworksBuildPhase;
			buildActionMask = 2147483647;
			files = (
			);
			runOnlyForDeploymentPostprocessing = 0;
		};
/* End PBXFrameworksBuildPhase section */

/* Begin PBXGroup section */
		1480D1B323DF288800F12294 = {
			isa = PBXGroup;
			children = (
				1480D1BE23DF288800F12294 /* shrink_image_layout */,
				1480D1BD23DF288800F12294 /* Products */,
			);
			sourceTree = "<group>";
		};
		1480D1BD23DF288800F12294 /* Products */ = {
			isa = PBXGroup;
			children = (
				1480D1BC23DF288800F12294 /* shrink_image_layout.app */,
			);
			name = Products;
			sourceTree = "<group>";
		};
		1480D1BE23DF288800F12294 /* shrink_image_layout */ = {
			isa = PBXGroup;
			children = (
				1480D1BF23DF288800F12294 /* AppDelegate.h */,
				1480D1C023DF288800F12294 /* AppDelegate.m */,
				1480D1C223DF288800F12294 /* SceneDelegate.h */,
				1480D1C323DF288800F12294 /* SceneDelegate.m */,
				1480D1C523DF288800F12294 /* ViewController.h */,
				1480D1C623DF288800F12294 /* ViewController.m */,
				1480D1C823DF288800F12294 /* Main.storyboard */,
				1480D1CB23DF288900F12294 /* Assets.xcassets */,
				1480D1CD23DF288900F12294 /* LaunchScreen.storyboard */,
				1480D1D023DF288900F12294 /* Info.plist */,
				1480D1D123DF288900F12294 /* main.m */,
			);
			path = shrink_image_layout;
			sourceTree = "<group>";
		};
/* End PBXGroup section */

/* Begin PBXNativeTarget section */
		1480D1BB23DF288800F12294 /* shrink_image_layout */ = {
			isa = PBXNativeTarget;
			buildConfigurationList = 1480D1D523DF288900F12294 /* Build configuration list for PBXNativeTarget "shrink_image_layout" */;
			buildPhases = (
				1480D1B823DF288800F12294 /* Sources */,
				1480D1B923DF288800F12294 /* Frameworks */,
				1480D1BA23DF288800F12294 /* Resources */,
			);
			buildRules = (
			);
			dependencies = (
			);
			name = shrink_image_layout;
			productName = shrink_image_layout;
			productReference = 1480D1BC23DF288800F12294 /* shrink_image_layout.app */;
			productType = "com.apple.product-type.application";
		};
/* End PBXNativeTarget section */

/* Begin PBXProject section */
		1480D1B423DF288800F12294 /* Project object */ = {
			isa = PBXProject;
			attributes = {
				LastUpgradeCheck = 1130;
				ORGANIZATIONNAME = jamesh;
				TargetAttributes = {
					1480D1BB23DF288800F12294 = {
						CreatedOnToolsVersion = 11.3.1;
					};
				};
			};
			buildConfigurationList = 1480D1B723DF288800F12294 /* Build configuration list for PBXProject "shrink_image_layout" */;
			compatibilityVersion = "Xcode 9.3";
			developmentRegion = en;
			hasScannedForEncodings = 0;
			knownRegions = (
				en,
				Base,
			);
			mainGroup = 1480D1B323DF288800F12294;
			productRefGroup = 1480D1BD23DF288800F12294 /* Products */;
			projectDirPath = "";
			projectRoot = "";
			targets = (
				1480D1BB23DF288800F12294 /* shrink_image_layout */,
			);
		};
/* End PBXProject section */

/* Begin PBXResourcesBuildPhase section */
		1480D1BA23DF288800F12294 /* Resources */ = {
			isa = PBXResourcesBuildPhase;
			buildActionMask = 2147483647;
			files = (
				1480D1CF23DF288900F12294 /* LaunchScreen.storyboard in Resources */,
				1480D1CC23DF288900F12294 /* Assets.xcassets in Resources */,
				1480D1CA23DF288800F12294 /* Main.storyboard in Resources */,
			);
			runOnlyForDeploymentPostprocessing = 0;
		};
/* End PBXResourcesBuildPhase section */

/* Begin PBXSourcesBuildPhase section */
		1480D1B823DF288800F12294 /* Sources */ = {
			isa = PBXSourcesBuildPhase;
			buildActionMask = 2147483647;
			files = (
				1480D1C723DF288800F12294 /* ViewController.m in Sources */,
				1480D1C123DF288800F12294 /* AppDelegate.m in Sources */,
				1480D1D223DF288900F12294 /* main.m in Sources */,
				1480D1C423DF288800F12294 /* SceneDelegate.m in Sources */,
			);
			runOnlyForDeploymentPostprocessing = 0;
		};
/* End PBXSourcesBuildPhase section */

/* Begin PBXVariantGroup section */
		1480D1C823DF288800F12294 /* Main.storyboard */ = {
			isa = PBXVariantGroup;
			children = (
				1480D1C923DF288800F12294 /* Base */,
			);
			name = Main.storyboard;
			sourceTree = "<group>";
		};
		1480D1CD23DF288900F12294 /* LaunchScreen.storyboard */ = {
			isa = PBXVariantGroup;
			children = (
				1480D1CE23DF288900F12294 /* Base */,
			);
			name = LaunchScreen.storyboard;
			sourceTree = "<group>";
		};
/* End PBXVariantGroup section */

/* Begin XCBuildConfiguration section */
		1480D1D323DF288900F12294 /* Debug */ = {
			isa = XCBuildConfiguration;
			buildSettings = {
				ALWAYS_SEARCH_USER_PATHS = NO;
				CLANG_ANALYZER_NONNULL = YES;
				CLANG_ANALYZER_NUMBER_OBJECT_CONVERSION = YES_AGGRESSIVE;
				CLANG_CXX_LANGUAGE_STANDARD = "gnu++14";
				CLANG_CXX_LIBRARY = "libc++";
				CLANG_ENABLE_MODULES = YES;
				CLANG_ENABLE_OBJC_ARC = YES;
				CLANG_ENABLE_OBJC_WEAK = YES;
				CLANG_WARN_BLOCK_CAPTURE_AUTORELEASING = YES;
				CLANG_WARN_BOOL_CONVERSION = YES;
				CLANG_WARN_COMMA = YES;
				CLANG_WARN_CONSTANT_CONVERSION = YES;
				CLANG_WARN_DEPRECATED_OBJC_IMPLEMENTATIONS = YES;
				CLANG_WARN_DIRECT_OBJC_ISA_USAGE = YES_ERROR;
				CLANG_WARN_DOCUMENTATION_COMMENTS = YES;
				CLANG_WARN_EMPTY_BODY = YES;
				CLANG_WARN_ENUM_CONVERSION = YES;
				CLANG_WARN_INFINITE_RECURSION = YES;
				CLANG_WARN_INT_CONVERSION = YES;
				CLANG_WARN_NON_LITERAL_NULL_CONVERSION = YES;
				CLANG_WARN_OBJC_IMPLICIT_RETAIN_SELF = YES;
				CLANG_WARN_OBJC_LITERAL_CONVERSION = YES;
				CLANG_WARN_OBJC_ROOT_CLASS = YES_ERROR;
				CLANG_WARN_RANGE_LOOP_ANALYSIS = YES;
				CLANG_WARN_STRICT_PROTOTYPES = YES;
				CLANG_WARN_SUSPICIOUS_MOVE = YES;
				CLANG_WARN_UNGUARDED_AVAILABILITY = YES_AGGRESSIVE;
				CLANG_WARN_UNREACHABLE_CODE = YES;
				CLANG_WARN__DUPLICATE_METHOD_MATCH = YES;
				COPY_PHASE_STRIP = NO;
				DEBUG_INFORMATION_FORMAT = dwarf;
				ENABLE_STRICT_OBJC_MSGSEND = YES;
				ENABLE_TESTABILITY = YES;
				GCC_C_LANGUAGE_STANDARD = gnu11;
				GCC_DYNAMIC_NO_PIC = NO;
				GCC_NO_COMMON_BLOCKS = YES;
				GCC_OPTIMIZATION_LEVEL = 0;
				GCC_PREPROCESSOR_DEFINITIONS = (
					"DEBUG=1",
					"$(inherited)",
				);
				GCC_WARN_64_TO_32_BIT_CONVERSION = YES;
				GCC_WARN_ABOUT_RETURN_TYPE = YES_ERROR;
				GCC_WARN_UNDECLARED_SELECTOR = YES;
				GCC_WARN_UNINITIALIZED_AUTOS = YES_AGGRESSIVE;
				GCC_WARN_UNUSED_FUNCTION = YES;
				GCC_WARN_UNUSED_VARIABLE = YES;
				IPHONEOS_DEPLOYMENT_TARGET = 13.2;
				MTL_ENABLE_DEBUG_INFO = INCLUDE_SOURCE;
				MTL_FAST_MATH = YES;
				ONLY_ACTIVE_ARCH = YES;
				SDKROOT = iphoneos;
			};
			name = Debug;
		};
		1480D1D423DF288900F12294 /* Release */ = {
			isa = XCBuildConfiguration;
			buildSettings = {
				ALWAYS_SEARCH_USER_PATHS = NO;
				CLANG_ANALYZER_NONNULL = YES;
				CLANG_ANALYZER_NUMBER_OBJECT_CONVERSION = YES_AGGRESSIVE;
				CLANG_CXX_LANGUAGE_STANDARD = "gnu++14";
				CLANG_CXX_LIBRARY = "libc++";
				CLANG_ENABLE_MODULES = YES;
				CLANG_ENABLE_OBJC_ARC = YES;
				CLANG_ENABLE_OBJC_WEAK = YES;
				CLANG_WARN_BLOCK_CAPTURE_AUTORELEASING = YES;
				CLANG_WARN_BOOL_CONVERSION = YES;
				CLANG_WARN_COMMA = YES;
				CLANG_WARN_CONSTANT_CONVERSION = YES;
				CLANG_WARN_DEPRECATED_OBJC_IMPLEMENTATIONS = YES;
				CLANG_WARN_DIRECT_OBJC_ISA_USAGE = YES_ERROR;
				CLANG_WARN_DOCUMENTATION_COMMENTS = YES;
				CLANG_WARN_EMPTY_BODY = YES;
				CLANG_WARN_ENUM_CONVERSION = YES;
				CLANG_WARN_INFINITE_RECURSION = YES;
				CLANG_WARN_INT_CONVERSION = YES;
				CLANG_WARN_NON_LITERAL_NULL_CONVERSION = YES;
				CLANG_WARN_OBJC_IMPLICIT_RETAIN_SELF = YES;
				CLANG_WARN_OBJC_LITERAL_CONVERSION = YES;
				CLANG_WARN_OBJC_ROOT_CLASS = YES_ERROR;
				CLANG_WARN_RANGE_LOOP_ANALYSIS = YES;
				CLANG_WARN_STRICT_PROTOTYPES = YES;
				CLANG_WARN_SUSPICIOUS_MOVE = YES;
				CLANG_WARN_UNGUARDED_AVAILABILITY = YES_AGGRESSIVE;
				CLANG_WARN_UNREACHABLE_CODE = YES;
				CLANG_WARN__DUPLICATE_METHOD_MATCH = YES;
				COPY_PHASE_STRIP = NO;
				DEBUG_INFORMATION_FORMAT = "dwarf-with-dsym";
				ENABLE_NS_ASSERTIONS = NO;
				ENABLE_STRICT_OBJC_MSGSEND = YES;
				GCC_C_LANGUAGE_STANDARD = gnu11;
				GCC_NO_COMMON_BLOCKS = YES;
				GCC_WARN_64_TO_32_BIT_CONVERSION = YES;
				GCC_WARN_ABOUT_RETURN_TYPE = YES_ERROR;
				GCC_WARN_UNDECLARED_SELECTOR = YES;
				GCC_WARN_UNINITIALIZED_AUTOS = YES_AGGRESSIVE;
				GCC_WARN_UNUSED_FUNCTION = YES;
				GCC_WARN_UNUSED_VARIABLE = YES;
				IPHONEOS_DEPLOYMENT_TARGET = 13.2;
				MTL_ENABLE_DEBUG_INFO = NO;
				MTL_FAST_MATH = YES;
				SDKROOT = iphoneos;
				VALIDATE_PRODUCT = YES;
			};
			name = Release;
		};
		1480D1D623DF288900F12294 /* Debug */ = {
			isa = XCBuildConfiguration;
			buildSettings = {
				ASSETCATALOG_COMPILER_APPICON_NAME = AppIcon;
				CODE_SIGN_STYLE = Automatic;
				INFOPLIST_FILE = shrink_image_layout/Info.plist;
				LD_RUNPATH_SEARCH_PATHS = (
					"$(inherited)",
					"@executable_path/Frameworks",
				);
				PRODUCT_BUNDLE_IDENTIFIER = "com.jamesh.shrink-image-layout";
				PRODUCT_NAME = "$(TARGET_NAME)";
				TARGETED_DEVICE_FAMILY = "1,2";
			};
			name = Debug;
		};
		1480D1D723DF288900F12294 /* Release */ = {
			isa = XCBuildConfiguration;
			buildSettings = {
				ASSETCATALOG_COMPILER_APPICON_NAME = AppIcon;
				CODE_SIGN_STYLE = Automatic;
				INFOPLIST_FILE = shrink_image_layout/Info.plist;
				LD_RUNPATH_SEARCH_PATHS = (
					"$(inherited)",
					"@executable_path/Frameworks",
				);
				PRODUCT_BUNDLE_IDENTIFIER = "com.jamesh.shrink-image-layout";
				PRODUCT_NAME = "$(TARGET_NAME)";
				TARGETED_DEVICE_FAMILY = "1,2";
			};
			name = Release;
		};
/* End XCBuildConfiguration section */

/* Begin XCConfigurationList section */
		1480D1B723DF288800F12294 /* Build configuration list for PBXProject "shrink_image_layout" */ = {
			isa = XCConfigurationList;
			buildConfigurations = (
				1480D1D323DF288900F12294 /* Debug */,
				1480D1D423DF288900F12294 /* Release */,
			);
			defaultConfigurationIsVisible = 0;
			defaultConfigurationName = Release;
		};
		1480D1D523DF288900F12294 /* Build configuration list for PBXNativeTarget "shrink_image_layout" */ = {
			isa = XCConfigurationList;
			buildConfigurations = (
				1480D1D623DF288900F12294 /* Debug */,
				1480D1D723DF288900F12294 /* Release */,
			);
			defaultConfigurationIsVisible = 0;
			defaultConfigurationName = Release;
		};
/* End XCConfigurationList section */
	};
	rootObject = 1480D1B423DF288800F12294 /* Project object */;
}
